{
  "version": 4,
  "terraform_version": "1.5.2",
  "serial": 14,
  "lineage": "fbd0523f-54d3-acf9-edb9-73ccf76a65c0",
  "outputs": {},
  "resources": [
    {
      "mode": "managed",
      "type": "azurerm_resource_group",
      "name": "appgrp",
      "provider": "provider[\"registry.terraform.io/hashicorp/azurerm\"]",
      "instances": [
        {
          "schema_version": 0,
          "attributes": {
            "id": "/subscriptions/217d2bdc-2706-4aa7-be71-457045f1baba/resourceGroups/srifrontdoor",
            "location": "eastus",
            "managed_by": "",
            "name": "srifrontdoor",
            "tags": {},
            "timeouts": null
          },
          "sensitive_attributes": [],
          "private": "eyJlMmJmYjczMC1lY2FhLTExZTYtOGY4OC0zNDM2M2JjN2M0YzAiOnsiY3JlYXRlIjo1NDAwMDAwMDAwMDAwLCJkZWxldGUiOjU0MDAwMDAwMDAwMDAsInJlYWQiOjMwMDAwMDAwMDAwMCwidXBkYXRlIjo1NDAwMDAwMDAwMDAwfSwic2NoZW1hX3ZlcnNpb24iOiIwIn0="
        }
      ]
    },
    {
      "mode": "managed",
      "type": "azurerm_virtual_network",
      "name": "srinetwork",
      "provider": "provider[\"registry.terraform.io/hashicorp/azurerm\"]",
      "instances": [
        {
          "schema_version": 0,
          "attributes": {
            "address_space": [
              "10.0.0.0/16"
            ],
            "bgp_community": "",
            "ddos_protection_plan": [],
            "dns_servers": [],
            "edge_zone": "",
            "flow_timeout_in_minutes": 0,
            "guid": "7b2f13d7-32aa-4af4-9fb1-80cb9292ed3c",
            "id": "/subscriptions/217d2bdc-2706-4aa7-be71-457045f1baba/resourceGroups/srifrontdoor/providers/Microsoft.Network/virtualNetworks/sri-network",
            "location": "eastus",
            "name": "sri-network",
            "resource_group_name": "srifrontdoor",
            "subnet": [
              {
                "address_prefix": "10.0.0.0/24",
                "id": "/subscriptions/217d2bdc-2706-4aa7-be71-457045f1baba/resourceGroups/srifrontdoor/providers/Microsoft.Network/virtualNetworks/sri-network/subnets/subnetA",
                "name": "subnetA",
                "security_group": ""
              },
              {
                "address_prefix": "10.0.1.0/24",
                "id": "/subscriptions/217d2bdc-2706-4aa7-be71-457045f1baba/resourceGroups/srifrontdoor/providers/Microsoft.Network/virtualNetworks/sri-network/subnets/subnetB",
                "name": "subnetB",
                "security_group": ""
              }
            ],
            "tags": {},
            "timeouts": null
          },
          "sensitive_attributes": [],
          "private": "eyJlMmJmYjczMC1lY2FhLTExZTYtOGY4OC0zNDM2M2JjN2M0YzAiOnsiY3JlYXRlIjoxODAwMDAwMDAwMDAwLCJkZWxldGUiOjE4MDAwMDAwMDAwMDAsInJlYWQiOjMwMDAwMDAwMDAwMCwidXBkYXRlIjoxODAwMDAwMDAwMDAwfSwic2NoZW1hX3ZlcnNpb24iOiIwIn0="
        }
      ]
    }
  ],
  "check_results": null
}
